
Microsoft Visual Studio Solution File, Format Version 12.00
# Visual Studio Version 16
VisualStudioVersion = 16.0.30320.27
MinimumVisualStudioVersion = 10.0.40219.1
Project("{9A19103F-16F7-4668-BE54-9A1E7A4F7556}") = "consoleApp", "consoleApp\consoleApp.csproj", "{E5DF7BF6-8617-40F1-B950-BD9F583ADEE3}"
EndProject
Project("{9A19103F-16F7-4668-BE54-9A1E7A4F7556}") = "WpfApp", "WpfApp\WpfApp.csproj", "{899B2C43-704D-48D2-9AAE-67DC507A4F38}"
EndProject
Project("{FAE04EC0-301F-11D3-BF4B-00C04F79EFBC}") = "dllFramework", "dllFramework\dllFramework.csproj", "{287703F6-BFB5-45B7-A5E6-C43AD9C63F3E}"
EndProject
Project("{FAE04EC0-301F-11D3-BF4B-00C04F79EFBC}") = "WindowsServiceApp", "WindowsServiceApp\WindowsServiceApp.csproj", "{098B86C7-42E7-42B2-B458-5DA0507783EF}"
EndProject
Global
	GlobalSection(SolutionConfigurationPlatforms) = preSolution
		Debug|Any CPU = Debug|Any CPU
		Release|Any CPU = Release|Any CPU
	EndGlobalSection
	GlobalSection(ProjectConfigurationPlatforms) = postSolution
		{E5DF7BF6-8617-40F1-B950-BD9F583ADEE3}.Debug|Any CPU.ActiveCfg = Debug|Any CPU
		{E5DF7BF6-8617-40F1-B950-BD9F583ADEE3}.Debug|Any CPU.Build.0 = Debug|Any CPU
		{E5DF7BF6-8617-40F1-B950-BD9F583ADEE3}.Release|Any CPU.ActiveCfg = Release|Any CPU
		{E5DF7BF6-8617-40F1-B950-BD9F583ADEE3}.Release|Any CPU.Build.0 = Release|Any CPU
		{899B2C43-704D-48D2-9AAE-67DC507A4F38}.Debug|Any CPU.ActiveCfg = Debug|Any CPU
		{899B2C43-704D-48D2-9AAE-67DC507A4F38}.Debug|Any CPU.Build.0 = Debug|Any CPU
		{899B2C43-704D-48D2-9AAE-67DC507A4F38}.Release|Any CPU.ActiveCfg = Release|Any CPU
		{899B2C43-704D-48D2-9AAE-67DC507A4F38}.Release|Any CPU.Build.0 = Release|Any CPU
		{287703F6-BFB5-45B7-A5E6-C43AD9C63F3E}.Debug|Any CPU.ActiveCfg = Debug|Any CPU
		{287703F6-BFB5-45B7-A5E6-C43AD9C63F3E}.Debug|Any CPU.Build.0 = Debug|Any CPU
		{287703F6-BFB5-45B7-A5E6-C43AD9C63F3E}.Release|Any CPU.ActiveCfg = Release|Any CPU
		{287703F6-BFB5-45B7-A5E6-C43AD9C63F3E}.Release|Any CPU.Build.0 = Release|Any CPU
		{098B86C7-42E7-42B2-B458-5DA0507783EF}.Debug|Any CPU.ActiveCfg = Debug|Any CPU
		{098B86C7-42E7-42B2-B458-5DA0507783EF}.Debug|Any CPU.Build.0 = Debug|Any CPU
		{098B86C7-42E7-42B2-B458-5DA0507783EF}.Release|Any CPU.ActiveCfg = Release|Any CPU
		{098B86C7-42E7-42B2-B458-5DA0507783EF}.Release|Any CPU.Build.0 = Release|Any CPU
	EndGlobalSection
	GlobalSection(SolutionProperties) = preSolution
		HideSolutionNode = FALSE
	EndGlobalSection
	GlobalSection(ExtensibilityGlobals) = postSolution
		SolutionGuid = {C13BBCA5-AB29-413E-8D46-FCB247D3A19E}
	EndGlobalSection
EndGlobal
