// !$*UTF8*$!
{
	archiveVersion = 1;
	classes = {
	};
	objectVersion = 50;
	objects = {

/* Begin PBXBuildFile section */
		5C807A7B259083AF0090FEB2 /* AppDelegate.swift in Sources */ = {isa = PBXBuildFile; fileRef = 5C807A7A259083AF0090FEB2 /* AppDelegate.swift */; };
		5C807A7D259083AF0090FEB2 /* ViewController.swift in Sources */ = {isa = PBXBuildFile; fileRef = 5C807A7C259083AF0090FEB2 /* ViewController.swift */; };
		5C807A7F259083AF0090FEB2 /* Document.swift in Sources */ = {isa = PBXBuildFile; fileRef = 5C807A7E259083AF0090FEB2 /* Document.swift */; };
		5C807A81259083AF0090FEB2 /* Assets.xcassets in Resources */ = {isa = PBXBuildFile; fileRef = 5C807A80259083AF0090FEB2 /* Assets.xcassets */; };
		5C807A84259083AF0090FEB2 /* Main.storyboard in Resources */ = {isa = PBXBuildFile; fileRef = 5C807A82259083AF0090FEB2 /* Main.storyboard */; };
		5C807A90259083AF0090FEB2 /* icon_testTests.swift in Sources */ = {isa = PBXBuildFile; fileRef = 5C807A8F259083AF0090FEB2 /* icon_testTests.swift */; };
		5C807A9B259083AF0090FEB2 /* icon_testUITests.swift in Sources */ = {isa = PBXBuildFile; fileRef = 5C807A9A259083AF0090FEB2 /* icon_testUITests.swift */; };
/* End PBXBuildFile section */

/* Begin PBXContainerItemProxy section */
		5C807A8C259083AF0090FEB2 /* PBXContainerItemProxy */ = {
			isa = PBXContainerItemProxy;
			containerPortal = 5C807A6F259083AE0090FEB2 /* Project object */;
			proxyType = 1;
			remoteGlobalIDString = 5C807A76259083AE0090FEB2;
			remoteInfo = icon_test;
		};
		5C807A97259083AF0090FEB2 /* PBXContainerItemProxy */ = {
			isa = PBXContainerItemProxy;
			containerPortal = 5C807A6F259083AE0090FEB2 /* Project object */;
			proxyType = 1;
			remoteGlobalIDString = 5C807A76259083AE0090FEB2;
			remoteInfo = icon_test;
		};
/* End PBXContainerItemProxy section */

/* Begin PBXFileReference section */
		5C807A77259083AE0090FEB2 /* icon_test.app */ = {isa = PBXFileReference; explicitFileType = wrapper.application; includeInIndex = 0; path = icon_test.app; sourceTree = BUILT_PRODUCTS_DIR; };
		5C807A7A259083AF0090FEB2 /* AppDelegate.swift */ = {isa = PBXFileReference; lastKnownFileType = sourcecode.swift; path = AppDelegate.swift; sourceTree = "<group>"; };
		5C807A7C259083AF0090FEB2 /* ViewController.swift */ = {isa = PBXFileReference; lastKnownFileType = sourcecode.swift; path = ViewController.swift; sourceTree = "<group>"; };
		5C807A7E259083AF0090FEB2 /* Document.swift */ = {isa = PBXFileReference; lastKnownFileType = sourcecode.swift; path = Document.swift; sourceTree = "<group>"; };
		5C807A80259083AF0090FEB2 /* Assets.xcassets */ = {isa = PBXFileReference; lastKnownFileType = folder.assetcatalog; path = Assets.xcassets; sourceTree = "<group>"; };
		5C807A83259083AF0090FEB2 /* Base */ = {isa = PBXFileReference; lastKnownFileType = file.storyboard; name = Base; path = Base.lproj/Main.storyboard; sourceTree = "<group>"; };
		5C807A85259083AF0090FEB2 /* Info.plist */ = {isa = PBXFileReference; lastKnownFileType = text.plist.xml; path = Info.plist; sourceTree = "<group>"; };
		5C807A86259083AF0090FEB2 /* icon_test.entitlements */ = {isa = PBXFileReference; lastKnownFileType = text.plist.entitlements; path = icon_test.entitlements; sourceTree = "<group>"; };
		5C807A8B259083AF0090FEB2 /* icon_testTests.xctest */ = {isa = PBXFileReference; explicitFileType = wrapper.cfbundle; includeInIndex = 0; path = icon_testTests.xctest; sourceTree = BUILT_PRODUCTS_DIR; };
		5C807A8F259083AF0090FEB2 /* icon_testTests.swift */ = {isa = PBXFileReference; lastKnownFileType = sourcecode.swift; path = icon_testTests.swift; sourceTree = "<group>"; };
		5C807A91259083AF0090FEB2 /* Info.plist */ = {isa = PBXFileReference; lastKnownFileType = text.plist.xml; path = Info.plist; sourceTree = "<group>"; };
		5C807A96259083AF0090FEB2 /* icon_testUITests.xctest */ = {isa = PBXFileReference; explicitFileType = wrapper.cfbundle; includeInIndex = 0; path = icon_testUITests.xctest; sourceTree = BUILT_PRODUCTS_DIR; };
		5C807A9A259083AF0090FEB2 /* icon_testUITests.swift */ = {isa = PBXFileReference; lastKnownFileType = sourcecode.swift; path = icon_testUITests.swift; sourceTree = "<group>"; };
		5C807A9C259083AF0090FEB2 /* Info.plist */ = {isa = PBXFileReference; lastKnownFileType = text.plist.xml; path = Info.plist; sourceTree = "<group>"; };
/* End PBXFileReference section */

/* Begin PBXFrameworksBuildPhase section */
		5C807A74259083AE0090FEB2 /* Frameworks */ = {
			isa = PBXFrameworksBuildPhase;
			buildActionMask = 2147483647;
			files = (
			);
			runOnlyForDeploymentPostprocessing = 0;
		};
		5C807A88259083AF0090FEB2 /* Frameworks */ = {
			isa = PBXFrameworksBuildPhase;
			buildActionMask = 2147483647;
			files = (
			);
			runOnlyForDeploymentPostprocessing = 0;
		};
		5C807A93259083AF0090FEB2 /* Frameworks */ = {
			isa = PBXFrameworksBuildPhase;
			buildActionMask = 2147483647;
			files = (
			);
			runOnlyForDeploymentPostprocessing = 0;
		};
/* End PBXFrameworksBuildPhase section */

/* Begin PBXGroup section */
		5C807A6E259083AE0090FEB2 = {
			isa = PBXGroup;
			children = (
				5C807A79259083AE0090FEB2 /* icon_test */,
				5C807A8E259083AF0090FEB2 /* icon_testTests */,
				5C807A99259083AF0090FEB2 /* icon_testUITests */,
				5C807A78259083AE0090FEB2 /* Products */,
			);
			sourceTree = "<group>";
		};
		5C807A78259083AE0090FEB2 /* Products */ = {
			isa = PBXGroup;
			children = (
				5C807A77259083AE0090FEB2 /* icon_test.app */,
				5C807A8B259083AF0090FEB2 /* icon_testTests.xctest */,
				5C807A96259083AF0090FEB2 /* icon_testUITests.xctest */,
			);
			name = Products;
			sourceTree = "<group>";
		};
		5C807A79259083AE0090FEB2 /* icon_test */ = {
			isa = PBXGroup;
			children = (
				5C807A7A259083AF0090FEB2 /* AppDelegate.swift */,
				5C807A7C259083AF0090FEB2 /* ViewController.swift */,
				5C807A7E259083AF0090FEB2 /* Document.swift */,
				5C807A80259083AF0090FEB2 /* Assets.xcassets */,
				5C807A82259083AF0090FEB2 /* Main.storyboard */,
				5C807A85259083AF0090FEB2 /* Info.plist */,
				5C807A86259083AF0090FEB2 /* icon_test.entitlements */,
			);
			path = icon_test;
			sourceTree = "<group>";
		};
		5C807A8E259083AF0090FEB2 /* icon_testTests */ = {
			isa = PBXGroup;
			children = (
				5C807A8F259083AF0090FEB2 /* icon_testTests.swift */,
				5C807A91259083AF0090FEB2 /* Info.plist */,
			);
			path = icon_testTests;
			sourceTree = "<group>";
		};
		5C807A99259083AF0090FEB2 /* icon_testUITests */ = {
			isa = PBXGroup;
			children = (
				5C807A9A259083AF0090FEB2 /* icon_testUITests.swift */,
				5C807A9C259083AF0090FEB2 /* Info.plist */,
			);
			path = icon_testUITests;
			sourceTree = "<group>";
		};
/* End PBXGroup section */

/* Begin PBXNativeTarget section */
		5C807A76259083AE0090FEB2 /* icon_test */ = {
			isa = PBXNativeTarget;
			buildConfigurationList = 5C807A9F259083AF0090FEB2 /* Build configuration list for PBXNativeTarget "icon_test" */;
			buildPhases = (
				5C807A73259083AE0090FEB2 /* Sources */,
				5C807A74259083AE0090FEB2 /* Frameworks */,
				5C807A75259083AE0090FEB2 /* Resources */,
			);
			buildRules = (
			);
			dependencies = (
			);
			name = icon_test;
			productName = icon_test;
			productReference = 5C807A77259083AE0090FEB2 /* icon_test.app */;
			productType = "com.apple.product-type.application";
		};
		5C807A8A259083AF0090FEB2 /* icon_testTests */ = {
			isa = PBXNativeTarget;
			buildConfigurationList = 5C807AA2259083AF0090FEB2 /* Build configuration list for PBXNativeTarget "icon_testTests" */;
			buildPhases = (
				5C807A87259083AF0090FEB2 /* Sources */,
				5C807A88259083AF0090FEB2 /* Frameworks */,
				5C807A89259083AF0090FEB2 /* Resources */,
			);
			buildRules = (
			);
			dependencies = (
				5C807A8D259083AF0090FEB2 /* PBXTargetDependency */,
			);
			name = icon_testTests;
			productName = icon_testTests;
			productReference = 5C807A8B259083AF0090FEB2 /* icon_testTests.xctest */;
			productType = "com.apple.product-type.bundle.unit-test";
		};
		5C807A95259083AF0090FEB2 /* icon_testUITests */ = {
			isa = PBXNativeTarget;
			buildConfigurationList = 5C807AA5259083AF0090FEB2 /* Build configuration list for PBXNativeTarget "icon_testUITests" */;
			buildPhases = (
				5C807A92259083AF0090FEB2 /* Sources */,
				5C807A93259083AF0090FEB2 /* Frameworks */,
				5C807A94259083AF0090FEB2 /* Resources */,
			);
			buildRules = (
			);
			dependencies = (
				5C807A98259083AF0090FEB2 /* PBXTargetDependency */,
			);
			name = icon_testUITests;
			productName = icon_testUITests;
			productReference = 5C807A96259083AF0090FEB2 /* icon_testUITests.xctest */;
			productType = "com.apple.product-type.bundle.ui-testing";
		};
/* End PBXNativeTarget section */

/* Begin PBXProject section */
		5C807A6F259083AE0090FEB2 /* Project object */ = {
			isa = PBXProject;
			attributes = {
				LastSwiftUpdateCheck = 1100;
				LastUpgradeCheck = 1100;
				ORGANIZATIONNAME = stl;
				TargetAttributes = {
					5C807A76259083AE0090FEB2 = {
						CreatedOnToolsVersion = 11.0;
					};
					5C807A8A259083AF0090FEB2 = {
						CreatedOnToolsVersion = 11.0;
						TestTargetID = 5C807A76259083AE0090FEB2;
					};
					5C807A95259083AF0090FEB2 = {
						CreatedOnToolsVersion = 11.0;
						TestTargetID = 5C807A76259083AE0090FEB2;
					};
				};
			};
			buildConfigurationList = 5C807A72259083AE0090FEB2 /* Build configuration list for PBXProject "icon_test" */;
			compatibilityVersion = "Xcode 9.3";
			developmentRegion = en;
			hasScannedForEncodings = 0;
			knownRegions = (
				en,
				Base,
			);
			mainGroup = 5C807A6E259083AE0090FEB2;
			productRefGroup = 5C807A78259083AE0090FEB2 /* Products */;
			projectDirPath = "";
			projectRoot = "";
			targets = (
				5C807A76259083AE0090FEB2 /* icon_test */,
				5C807A8A259083AF0090FEB2 /* icon_testTests */,
				5C807A95259083AF0090FEB2 /* icon_testUITests */,
			);
		};
/* End PBXProject section */

/* Begin PBXResourcesBuildPhase section */
		5C807A75259083AE0090FEB2 /* Resources */ = {
			isa = PBXResourcesBuildPhase;
			buildActionMask = 2147483647;
			files = (
				5C807A81259083AF0090FEB2 /* Assets.xcassets in Resources */,
				5C807A84259083AF0090FEB2 /* Main.storyboard in Resources */,
			);
			runOnlyForDeploymentPostprocessing = 0;
		};
		5C807A89259083AF0090FEB2 /* Resources */ = {
			isa = PBXResourcesBuildPhase;
			buildActionMask = 2147483647;
			files = (
			);
			runOnlyForDeploymentPostprocessing = 0;
		};
		5C807A94259083AF0090FEB2 /* Resources */ = {
			isa = PBXResourcesBuildPhase;
			buildActionMask = 2147483647;
			files = (
			);
			runOnlyForDeploymentPostprocessing = 0;
		};
/* End PBXResourcesBuildPhase section */

/* Begin PBXSourcesBuildPhase section */
		5C807A73259083AE0090FEB2 /* Sources */ = {
			isa = PBXSourcesBuildPhase;
			buildActionMask = 2147483647;
			files = (
				5C807A7D259083AF0090FEB2 /* ViewController.swift in Sources */,
				5C807A7B259083AF0090FEB2 /* AppDelegate.swift in Sources */,
				5C807A7F259083AF0090FEB2 /* Document.swift in Sources */,
			);
			runOnlyForDeploymentPostprocessing = 0;
		};
		5C807A87259083AF0090FEB2 /* Sources */ = {
			isa = PBXSourcesBuildPhase;
			buildActionMask = 2147483647;
			files = (
				5C807A90259083AF0090FEB2 /* icon_testTests.swift in Sources */,
			);
			runOnlyForDeploymentPostprocessing = 0;
		};
		5C807A92259083AF0090FEB2 /* Sources */ = {
			isa = PBXSourcesBuildPhase;
			buildActionMask = 2147483647;
			files = (
				5C807A9B259083AF0090FEB2 /* icon_testUITests.swift in Sources */,
			);
			runOnlyForDeploymentPostprocessing = 0;
		};
/* End PBXSourcesBuildPhase section */

/* Begin PBXTargetDependency section */
		5C807A8D259083AF0090FEB2 /* PBXTargetDependency */ = {
			isa = PBXTargetDependency;
			target = 5C807A76259083AE0090FEB2 /* icon_test */;
			targetProxy = 5C807A8C259083AF0090FEB2 /* PBXContainerItemProxy */;
		};
		5C807A98259083AF0090FEB2 /* PBXTargetDependency */ = {
			isa = PBXTargetDependency;
			target = 5C807A76259083AE0090FEB2 /* icon_test */;
			targetProxy = 5C807A97259083AF0090FEB2 /* PBXContainerItemProxy */;
		};
/* End PBXTargetDependency section */

/* Begin PBXVariantGroup section */
		5C807A82259083AF0090FEB2 /* Main.storyboard */ = {
			isa = PBXVariantGroup;
			children = (
				5C807A83259083AF0090FEB2 /* Base */,
			);
			name = Main.storyboard;
			sourceTree = "<group>";
		};
/* End PBXVariantGroup section */

/* Begin XCBuildConfiguration section */
		5C807A9D259083AF0090FEB2 /* Debug */ = {
			isa = XCBuildConfiguration;
			buildSettings = {
				ALWAYS_SEARCH_USER_PATHS = NO;
				CLANG_ANALYZER_NONNULL = YES;
				CLANG_ANALYZER_NUMBER_OBJECT_CONVERSION = YES_AGGRESSIVE;
				CLANG_CXX_LANGUAGE_STANDARD = "gnu++14";
				CLANG_CXX_LIBRARY = "libc++";
				CLANG_ENABLE_MODULES = YES;
				CLANG_ENABLE_OBJC_ARC = YES;
				CLANG_ENABLE_OBJC_WEAK = YES;
				CLANG_WARN_BLOCK_CAPTURE_AUTORELEASING = YES;
				CLANG_WARN_BOOL_CONVERSION = YES;
				CLANG_WARN_COMMA = YES;
				CLANG_WARN_CONSTANT_CONVERSION = YES;
				CLANG_WARN_DEPRECATED_OBJC_IMPLEMENTATIONS = YES;
				CLANG_WARN_DIRECT_OBJC_ISA_USAGE = YES_ERROR;
				CLANG_WARN_DOCUMENTATION_COMMENTS = YES;
				CLANG_WARN_EMPTY_BODY = YES;
				CLANG_WARN_ENUM_CONVERSION = YES;
				CLANG_WARN_INFINITE_RECURSION = YES;
				CLANG_WARN_INT_CONVERSION = YES;
				CLANG_WARN_NON_LITERAL_NULL_CONVERSION = YES;
				CLANG_WARN_OBJC_IMPLICIT_RETAIN_SELF = YES;
				CLANG_WARN_OBJC_LITERAL_CONVERSION = YES;
				CLANG_WARN_OBJC_ROOT_CLASS = YES_ERROR;
				CLANG_WARN_RANGE_LOOP_ANALYSIS = YES;
				CLANG_WARN_STRICT_PROTOTYPES = YES;
				CLANG_WARN_SUSPICIOUS_MOVE = YES;
				CLANG_WARN_UNGUARDED_AVAILABILITY = YES_AGGRESSIVE;
				CLANG_WARN_UNREACHABLE_CODE = YES;
				CLANG_WARN__DUPLICATE_METHOD_MATCH = YES;
				COPY_PHASE_STRIP = NO;
				DEBUG_INFORMATION_FORMAT = dwarf;
				ENABLE_STRICT_OBJC_MSGSEND = YES;
				ENABLE_TESTABILITY = YES;
				GCC_C_LANGUAGE_STANDARD = gnu11;
				GCC_DYNAMIC_NO_PIC = NO;
				GCC_NO_COMMON_BLOCKS = YES;
				GCC_OPTIMIZATION_LEVEL = 0;
				GCC_PREPROCESSOR_DEFINITIONS = (
					"DEBUG=1",
					"$(inherited)",
				);
				GCC_WARN_64_TO_32_BIT_CONVERSION = YES;
				GCC_WARN_ABOUT_RETURN_TYPE = YES_ERROR;
				GCC_WARN_UNDECLARED_SELECTOR = YES;
				GCC_WARN_UNINITIALIZED_AUTOS = YES_AGGRESSIVE;
				GCC_WARN_UNUSED_FUNCTION = YES;
				GCC_WARN_UNUSED_VARIABLE = YES;
				MACOSX_DEPLOYMENT_TARGET = 10.15;
				MTL_ENABLE_DEBUG_INFO = INCLUDE_SOURCE;
				MTL_FAST_MATH = YES;
				ONLY_ACTIVE_ARCH = YES;
				SDKROOT = macosx;
				SWIFT_ACTIVE_COMPILATION_CONDITIONS = DEBUG;
				SWIFT_OPTIMIZATION_LEVEL = "-Onone";
			};
			name = Debug;
		};
		5C807A9E259083AF0090FEB2 /* Release */ = {
			isa = XCBuildConfiguration;
			buildSettings = {
				ALWAYS_SEARCH_USER_PATHS = NO;
				CLANG_ANALYZER_NONNULL = YES;
				CLANG_ANALYZER_NUMBER_OBJECT_CONVERSION = YES_AGGRESSIVE;
				CLANG_CXX_LANGUAGE_STANDARD = "gnu++14";
				CLANG_CXX_LIBRARY = "libc++";
				CLANG_ENABLE_MODULES = YES;
				CLANG_ENABLE_OBJC_ARC = YES;
				CLANG_ENABLE_OBJC_WEAK = YES;
				CLANG_WARN_BLOCK_CAPTURE_AUTORELEASING = YES;
				CLANG_WARN_BOOL_CONVERSION = YES;
				CLANG_WARN_COMMA = YES;
				CLANG_WARN_CONSTANT_CONVERSION = YES;
				CLANG_WARN_DEPRECATED_OBJC_IMPLEMENTATIONS = YES;
				CLANG_WARN_DIRECT_OBJC_ISA_USAGE = YES_ERROR;
				CLANG_WARN_DOCUMENTATION_COMMENTS = YES;
				CLANG_WARN_EMPTY_BODY = YES;
				CLANG_WARN_ENUM_CONVERSION = YES;
				CLANG_WARN_INFINITE_RECURSION = YES;
				CLANG_WARN_INT_CONVERSION = YES;
				CLANG_WARN_NON_LITERAL_NULL_CONVERSION = YES;
				CLANG_WARN_OBJC_IMPLICIT_RETAIN_SELF = YES;
				CLANG_WARN_OBJC_LITERAL_CONVERSION = YES;
				CLANG_WARN_OBJC_ROOT_CLASS = YES_ERROR;
				CLANG_WARN_RANGE_LOOP_ANALYSIS = YES;
				CLANG_WARN_STRICT_PROTOTYPES = YES;
				CLANG_WARN_SUSPICIOUS_MOVE = YES;
				CLANG_WARN_UNGUARDED_AVAILABILITY = YES_AGGRESSIVE;
				CLANG_WARN_UNREACHABLE_CODE = YES;
				CLANG_WARN__DUPLICATE_METHOD_MATCH = YES;
				COPY_PHASE_STRIP = NO;
				DEBUG_INFORMATION_FORMAT = "dwarf-with-dsym";
				ENABLE_NS_ASSERTIONS = NO;
				ENABLE_STRICT_OBJC_MSGSEND = YES;
				GCC_C_LANGUAGE_STANDARD = gnu11;
				GCC_NO_COMMON_BLOCKS = YES;
				GCC_WARN_64_TO_32_BIT_CONVERSION = YES;
				GCC_WARN_ABOUT_RETURN_TYPE = YES_ERROR;
				GCC_WARN_UNDECLARED_SELECTOR = YES;
				GCC_WARN_UNINITIALIZED_AUTOS = YES_AGGRESSIVE;
				GCC_WARN_UNUSED_FUNCTION = YES;
				GCC_WARN_UNUSED_VARIABLE = YES;
				MACOSX_DEPLOYMENT_TARGET = 10.15;
				MTL_ENABLE_DEBUG_INFO = NO;
				MTL_FAST_MATH = YES;
				SDKROOT = macosx;
				SWIFT_COMPILATION_MODE = wholemodule;
				SWIFT_OPTIMIZATION_LEVEL = "-O";
			};
			name = Release;
		};
		5C807AA0259083AF0090FEB2 /* Debug */ = {
			isa = XCBuildConfiguration;
			buildSettings = {
				ASSETCATALOG_COMPILER_APPICON_NAME = AppIcon;
				CODE_SIGN_ENTITLEMENTS = icon_test/icon_test.entitlements;
				CODE_SIGN_STYLE = Automatic;
				COMBINE_HIDPI_IMAGES = YES;
				INFOPLIST_FILE = icon_test/Info.plist;
				LD_RUNPATH_SEARCH_PATHS = (
					"$(inherited)",
					"@executable_path/../Frameworks",
				);
				PRODUCT_BUNDLE_IDENTIFIER = "com.worklt.icon-test";
				PRODUCT_NAME = "$(TARGET_NAME)";
				SWIFT_VERSION = 5.0;
			};
			name = Debug;
		};
		5C807AA1259083AF0090FEB2 /* Release */ = {
			isa = XCBuildConfiguration;
			buildSettings = {
				ASSETCATALOG_COMPILER_APPICON_NAME = AppIcon;
				CODE_SIGN_ENTITLEMENTS = icon_test/icon_test.entitlements;
				CODE_SIGN_STYLE = Automatic;
				COMBINE_HIDPI_IMAGES = YES;
				INFOPLIST_FILE = icon_test/Info.plist;
				LD_RUNPATH_SEARCH_PATHS = (
					"$(inherited)",
					"@executable_path/../Frameworks",
				);
				PRODUCT_BUNDLE_IDENTIFIER = "com.worklt.icon-test";
				PRODUCT_NAME = "$(TARGET_NAME)";
				SWIFT_VERSION = 5.0;
			};
			name = Release;
		};
		5C807AA3259083AF0090FEB2 /* Debug */ = {
			isa = XCBuildConfiguration;
			buildSettings = {
				ALWAYS_EMBED_SWIFT_STANDARD_LIBRARIES = YES;
				BUNDLE_LOADER = "$(TEST_HOST)";
				CODE_SIGN_STYLE = Automatic;
				COMBINE_HIDPI_IMAGES = YES;
				INFOPLIST_FILE = icon_testTests/Info.plist;
				LD_RUNPATH_SEARCH_PATHS = (
					"$(inherited)",
					"@executable_path/../Frameworks",
					"@loader_path/../Frameworks",
				);
				MACOSX_DEPLOYMENT_TARGET = 10.15;
				PRODUCT_BUNDLE_IDENTIFIER = "com.worklt.icon-testTests";
				PRODUCT_NAME = "$(TARGET_NAME)";
				SWIFT_VERSION = 5.0;
				TEST_HOST = "$(BUILT_PRODUCTS_DIR)/icon_test.app/Contents/MacOS/icon_test";
			};
			name = Debug;
		};
		5C807AA4259083AF0090FEB2 /* Release */ = {
			isa = XCBuildConfiguration;
			buildSettings = {
				ALWAYS_EMBED_SWIFT_STANDARD_LIBRARIES = YES;
				BUNDLE_LOADER = "$(TEST_HOST)";
				CODE_SIGN_STYLE = Automatic;
				COMBINE_HIDPI_IMAGES = YES;
				INFOPLIST_FILE = icon_testTests/Info.plist;
				LD_RUNPATH_SEARCH_PATHS = (
					"$(inherited)",
					"@executable_path/../Frameworks",
					"@loader_path/../Frameworks",
				);
				MACOSX_DEPLOYMENT_TARGET = 10.15;
				PRODUCT_BUNDLE_IDENTIFIER = "com.worklt.icon-testTests";
				PRODUCT_NAME = "$(TARGET_NAME)";
				SWIFT_VERSION = 5.0;
				TEST_HOST = "$(BUILT_PRODUCTS_DIR)/icon_test.app/Contents/MacOS/icon_test";
			};
			name = Release;
		};
		5C807AA6259083AF0090FEB2 /* Debug */ = {
			isa = XCBuildConfiguration;
			buildSettings = {
				ALWAYS_EMBED_SWIFT_STANDARD_LIBRARIES = YES;
				CODE_SIGN_STYLE = Automatic;
				COMBINE_HIDPI_IMAGES = YES;
				INFOPLIST_FILE = icon_testUITests/Info.plist;
				LD_RUNPATH_SEARCH_PATHS = (
					"$(inherited)",
					"@executable_path/../Frameworks",
					"@loader_path/../Frameworks",
				);
				PRODUCT_BUNDLE_IDENTIFIER = "com.worklt.icon-testUITests";
				PRODUCT_NAME = "$(TARGET_NAME)";
				SWIFT_VERSION = 5.0;
				TEST_TARGET_NAME = icon_test;
			};
			name = Debug;
		};
		5C807AA7259083AF0090FEB2 /* Release */ = {
			isa = XCBuildConfiguration;
			buildSettings = {
				ALWAYS_EMBED_SWIFT_STANDARD_LIBRARIES = YES;
				CODE_SIGN_STYLE = Automatic;
				COMBINE_HIDPI_IMAGES = YES;
				INFOPLIST_FILE = icon_testUITests/Info.plist;
				LD_RUNPATH_SEARCH_PATHS = (
					"$(inherited)",
					"@executable_path/../Frameworks",
					"@loader_path/../Frameworks",
				);
				PRODUCT_BUNDLE_IDENTIFIER = "com.worklt.icon-testUITests";
				PRODUCT_NAME = "$(TARGET_NAME)";
				SWIFT_VERSION = 5.0;
				TEST_TARGET_NAME = icon_test;
			};
			name = Release;
		};
/* End XCBuildConfiguration section */

/* Begin XCConfigurationList section */
		5C807A72259083AE0090FEB2 /* Build configuration list for PBXProject "icon_test" */ = {
			isa = XCConfigurationList;
			buildConfigurations = (
				5C807A9D259083AF0090FEB2 /* Debug */,
				5C807A9E259083AF0090FEB2 /* Release */,
			);
			defaultConfigurationIsVisible = 0;
			defaultConfigurationName = Release;
		};
		5C807A9F259083AF0090FEB2 /* Build configuration list for PBXNativeTarget "icon_test" */ = {
			isa = XCConfigurationList;
			buildConfigurations = (
				5C807AA0259083AF0090FEB2 /* Debug */,
				5C807AA1259083AF0090FEB2 /* Release */,
			);
			defaultConfigurationIsVisible = 0;
			defaultConfigurationName = Release;
		};
		5C807AA2259083AF0090FEB2 /* Build configuration list for PBXNativeTarget "icon_testTests" */ = {
			isa = XCConfigurationList;
			buildConfigurations = (
				5C807AA3259083AF0090FEB2 /* Debug */,
				5C807AA4259083AF0090FEB2 /* Release */,
			);
			defaultConfigurationIsVisible = 0;
			defaultConfigurationName = Release;
		};
		5C807AA5259083AF0090FEB2 /* Build configuration list for PBXNativeTarget "icon_testUITests" */ = {
			isa = XCConfigurationList;
			buildConfigurations = (
				5C807AA6259083AF0090FEB2 /* Debug */,
				5C807AA7259083AF0090FEB2 /* Release */,
			);
			defaultConfigurationIsVisible = 0;
			defaultConfigurationName = Release;
		};
/* End XCConfigurationList section */
	};
	rootObject = 5C807A6F259083AE0090FEB2 /* Project object */;
}
