// !$*UTF8*$!
{
	archiveVersion = 1;
	classes = {
	};
	objectVersion = 50;
	objects = {

/* Begin PBXBuildFile section */
		5CE44B1E254CEF110061B1A2 /* AppDelegate.m in Sources */ = {isa = PBXBuildFile; fileRef = 5CE44B1D254CEF110061B1A2 /* AppDelegate.m */; };
		5CE44B21254CEF110061B1A2 /* ViewController.m in Sources */ = {isa = PBXBuildFile; fileRef = 5CE44B20254CEF110061B1A2 /* ViewController.m */; };
		5CE44B23254CEF110061B1A2 /* Assets.xcassets in Resources */ = {isa = PBXBuildFile; fileRef = 5CE44B22254CEF110061B1A2 /* Assets.xcassets */; };
		5CE44B26254CEF110061B1A2 /* Main.storyboard in Resources */ = {isa = PBXBuildFile; fileRef = 5CE44B24254CEF110061B1A2 /* Main.storyboard */; };
		5CE44B29254CEF110061B1A2 /* main.m in Sources */ = {isa = PBXBuildFile; fileRef = 5CE44B28254CEF110061B1A2 /* main.m */; };
		5CE44B34254CEF110061B1A2 /* WindowApp_OCTests.m in Sources */ = {isa = PBXBuildFile; fileRef = 5CE44B33254CEF110061B1A2 /* WindowApp_OCTests.m */; };
		5CE44B3F254CEF110061B1A2 /* WindowApp_OCUITests.m in Sources */ = {isa = PBXBuildFile; fileRef = 5CE44B3E254CEF110061B1A2 /* WindowApp_OCUITests.m */; };
/* End PBXBuildFile section */

/* Begin PBXContainerItemProxy section */
		5CE44B30254CEF110061B1A2 /* PBXContainerItemProxy */ = {
			isa = PBXContainerItemProxy;
			containerPortal = 5CE44B11254CEF110061B1A2 /* Project object */;
			proxyType = 1;
			remoteGlobalIDString = 5CE44B18254CEF110061B1A2;
			remoteInfo = "WindowApp-OC";
		};
		5CE44B3B254CEF110061B1A2 /* PBXContainerItemProxy */ = {
			isa = PBXContainerItemProxy;
			containerPortal = 5CE44B11254CEF110061B1A2 /* Project object */;
			proxyType = 1;
			remoteGlobalIDString = 5CE44B18254CEF110061B1A2;
			remoteInfo = "WindowApp-OC";
		};
/* End PBXContainerItemProxy section */

/* Begin PBXFileReference section */
		5CE44B19254CEF110061B1A2 /* WindowApp-OC.app */ = {isa = PBXFileReference; explicitFileType = wrapper.application; includeInIndex = 0; path = "WindowApp-OC.app"; sourceTree = BUILT_PRODUCTS_DIR; };
		5CE44B1C254CEF110061B1A2 /* AppDelegate.h */ = {isa = PBXFileReference; lastKnownFileType = sourcecode.c.h; path = AppDelegate.h; sourceTree = "<group>"; };
		5CE44B1D254CEF110061B1A2 /* AppDelegate.m */ = {isa = PBXFileReference; lastKnownFileType = sourcecode.c.objc; path = AppDelegate.m; sourceTree = "<group>"; };
		5CE44B1F254CEF110061B1A2 /* ViewController.h */ = {isa = PBXFileReference; lastKnownFileType = sourcecode.c.h; path = ViewController.h; sourceTree = "<group>"; };
		5CE44B20254CEF110061B1A2 /* ViewController.m */ = {isa = PBXFileReference; lastKnownFileType = sourcecode.c.objc; path = ViewController.m; sourceTree = "<group>"; };
		5CE44B22254CEF110061B1A2 /* Assets.xcassets */ = {isa = PBXFileReference; lastKnownFileType = folder.assetcatalog; path = Assets.xcassets; sourceTree = "<group>"; };
		5CE44B25254CEF110061B1A2 /* Base */ = {isa = PBXFileReference; lastKnownFileType = file.storyboard; name = Base; path = Base.lproj/Main.storyboard; sourceTree = "<group>"; };
		5CE44B27254CEF110061B1A2 /* Info.plist */ = {isa = PBXFileReference; lastKnownFileType = text.plist.xml; path = Info.plist; sourceTree = "<group>"; };
		5CE44B28254CEF110061B1A2 /* main.m */ = {isa = PBXFileReference; lastKnownFileType = sourcecode.c.objc; path = main.m; sourceTree = "<group>"; };
		5CE44B2A254CEF110061B1A2 /* WindowApp_OC.entitlements */ = {isa = PBXFileReference; lastKnownFileType = text.plist.entitlements; path = WindowApp_OC.entitlements; sourceTree = "<group>"; };
		5CE44B2F254CEF110061B1A2 /* WindowApp-OCTests.xctest */ = {isa = PBXFileReference; explicitFileType = wrapper.cfbundle; includeInIndex = 0; path = "WindowApp-OCTests.xctest"; sourceTree = BUILT_PRODUCTS_DIR; };
		5CE44B33254CEF110061B1A2 /* WindowApp_OCTests.m */ = {isa = PBXFileReference; lastKnownFileType = sourcecode.c.objc; path = WindowApp_OCTests.m; sourceTree = "<group>"; };
		5CE44B35254CEF110061B1A2 /* Info.plist */ = {isa = PBXFileReference; lastKnownFileType = text.plist.xml; path = Info.plist; sourceTree = "<group>"; };
		5CE44B3A254CEF110061B1A2 /* WindowApp-OCUITests.xctest */ = {isa = PBXFileReference; explicitFileType = wrapper.cfbundle; includeInIndex = 0; path = "WindowApp-OCUITests.xctest"; sourceTree = BUILT_PRODUCTS_DIR; };
		5CE44B3E254CEF110061B1A2 /* WindowApp_OCUITests.m */ = {isa = PBXFileReference; lastKnownFileType = sourcecode.c.objc; path = WindowApp_OCUITests.m; sourceTree = "<group>"; };
		5CE44B40254CEF110061B1A2 /* Info.plist */ = {isa = PBXFileReference; lastKnownFileType = text.plist.xml; path = Info.plist; sourceTree = "<group>"; };
/* End PBXFileReference section */

/* Begin PBXFrameworksBuildPhase section */
		5CE44B16254CEF110061B1A2 /* Frameworks */ = {
			isa = PBXFrameworksBuildPhase;
			buildActionMask = 2147483647;
			files = (
			);
			runOnlyForDeploymentPostprocessing = 0;
		};
		5CE44B2C254CEF110061B1A2 /* Frameworks */ = {
			isa = PBXFrameworksBuildPhase;
			buildActionMask = 2147483647;
			files = (
			);
			runOnlyForDeploymentPostprocessing = 0;
		};
		5CE44B37254CEF110061B1A2 /* Frameworks */ = {
			isa = PBXFrameworksBuildPhase;
			buildActionMask = 2147483647;
			files = (
			);
			runOnlyForDeploymentPostprocessing = 0;
		};
/* End PBXFrameworksBuildPhase section */

/* Begin PBXGroup section */
		5CE44B10254CEF110061B1A2 = {
			isa = PBXGroup;
			children = (
				5CE44B1B254CEF110061B1A2 /* WindowApp-OC */,
				5CE44B32254CEF110061B1A2 /* WindowApp-OCTests */,
				5CE44B3D254CEF110061B1A2 /* WindowApp-OCUITests */,
				5CE44B1A254CEF110061B1A2 /* Products */,
			);
			sourceTree = "<group>";
		};
		5CE44B1A254CEF110061B1A2 /* Products */ = {
			isa = PBXGroup;
			children = (
				5CE44B19254CEF110061B1A2 /* WindowApp-OC.app */,
				5CE44B2F254CEF110061B1A2 /* WindowApp-OCTests.xctest */,
				5CE44B3A254CEF110061B1A2 /* WindowApp-OCUITests.xctest */,
			);
			name = Products;
			sourceTree = "<group>";
		};
		5CE44B1B254CEF110061B1A2 /* WindowApp-OC */ = {
			isa = PBXGroup;
			children = (
				5CE44B1C254CEF110061B1A2 /* AppDelegate.h */,
				5CE44B1D254CEF110061B1A2 /* AppDelegate.m */,
				5CE44B1F254CEF110061B1A2 /* ViewController.h */,
				5CE44B20254CEF110061B1A2 /* ViewController.m */,
				5CE44B22254CEF110061B1A2 /* Assets.xcassets */,
				5CE44B24254CEF110061B1A2 /* Main.storyboard */,
				5CE44B27254CEF110061B1A2 /* Info.plist */,
				5CE44B28254CEF110061B1A2 /* main.m */,
				5CE44B2A254CEF110061B1A2 /* WindowApp_OC.entitlements */,
			);
			path = "WindowApp-OC";
			sourceTree = "<group>";
		};
		5CE44B32254CEF110061B1A2 /* WindowApp-OCTests */ = {
			isa = PBXGroup;
			children = (
				5CE44B33254CEF110061B1A2 /* WindowApp_OCTests.m */,
				5CE44B35254CEF110061B1A2 /* Info.plist */,
			);
			path = "WindowApp-OCTests";
			sourceTree = "<group>";
		};
		5CE44B3D254CEF110061B1A2 /* WindowApp-OCUITests */ = {
			isa = PBXGroup;
			children = (
				5CE44B3E254CEF110061B1A2 /* WindowApp_OCUITests.m */,
				5CE44B40254CEF110061B1A2 /* Info.plist */,
			);
			path = "WindowApp-OCUITests";
			sourceTree = "<group>";
		};
/* End PBXGroup section */

/* Begin PBXNativeTarget section */
		5CE44B18254CEF110061B1A2 /* WindowApp-OC */ = {
			isa = PBXNativeTarget;
			buildConfigurationList = 5CE44B43254CEF110061B1A2 /* Build configuration list for PBXNativeTarget "WindowApp-OC" */;
			buildPhases = (
				5CE44B15254CEF110061B1A2 /* Sources */,
				5CE44B16254CEF110061B1A2 /* Frameworks */,
				5CE44B17254CEF110061B1A2 /* Resources */,
			);
			buildRules = (
			);
			dependencies = (
			);
			name = "WindowApp-OC";
			productName = "WindowApp-OC";
			productReference = 5CE44B19254CEF110061B1A2 /* WindowApp-OC.app */;
			productType = "com.apple.product-type.application";
		};
		5CE44B2E254CEF110061B1A2 /* WindowApp-OCTests */ = {
			isa = PBXNativeTarget;
			buildConfigurationList = 5CE44B46254CEF110061B1A2 /* Build configuration list for PBXNativeTarget "WindowApp-OCTests" */;
			buildPhases = (
				5CE44B2B254CEF110061B1A2 /* Sources */,
				5CE44B2C254CEF110061B1A2 /* Frameworks */,
				5CE44B2D254CEF110061B1A2 /* Resources */,
			);
			buildRules = (
			);
			dependencies = (
				5CE44B31254CEF110061B1A2 /* PBXTargetDependency */,
			);
			name = "WindowApp-OCTests";
			productName = "WindowApp-OCTests";
			productReference = 5CE44B2F254CEF110061B1A2 /* WindowApp-OCTests.xctest */;
			productType = "com.apple.product-type.bundle.unit-test";
		};
		5CE44B39254CEF110061B1A2 /* WindowApp-OCUITests */ = {
			isa = PBXNativeTarget;
			buildConfigurationList = 5CE44B49254CEF110061B1A2 /* Build configuration list for PBXNativeTarget "WindowApp-OCUITests" */;
			buildPhases = (
				5CE44B36254CEF110061B1A2 /* Sources */,
				5CE44B37254CEF110061B1A2 /* Frameworks */,
				5CE44B38254CEF110061B1A2 /* Resources */,
			);
			buildRules = (
			);
			dependencies = (
				5CE44B3C254CEF110061B1A2 /* PBXTargetDependency */,
			);
			name = "WindowApp-OCUITests";
			productName = "WindowApp-OCUITests";
			productReference = 5CE44B3A254CEF110061B1A2 /* WindowApp-OCUITests.xctest */;
			productType = "com.apple.product-type.bundle.ui-testing";
		};
/* End PBXNativeTarget section */

/* Begin PBXProject section */
		5CE44B11254CEF110061B1A2 /* Project object */ = {
			isa = PBXProject;
			attributes = {
				LastUpgradeCheck = 1210;
				TargetAttributes = {
					5CE44B18254CEF110061B1A2 = {
						CreatedOnToolsVersion = 12.1;
					};
					5CE44B2E254CEF110061B1A2 = {
						CreatedOnToolsVersion = 12.1;
						TestTargetID = 5CE44B18254CEF110061B1A2;
					};
					5CE44B39254CEF110061B1A2 = {
						CreatedOnToolsVersion = 12.1;
						TestTargetID = 5CE44B18254CEF110061B1A2;
					};
				};
			};
			buildConfigurationList = 5CE44B14254CEF110061B1A2 /* Build configuration list for PBXProject "WindowApp-OC" */;
			compatibilityVersion = "Xcode 9.3";
			developmentRegion = en;
			hasScannedForEncodings = 0;
			knownRegions = (
				en,
				Base,
			);
			mainGroup = 5CE44B10254CEF110061B1A2;
			productRefGroup = 5CE44B1A254CEF110061B1A2 /* Products */;
			projectDirPath = "";
			projectRoot = "";
			targets = (
				5CE44B18254CEF110061B1A2 /* WindowApp-OC */,
				5CE44B2E254CEF110061B1A2 /* WindowApp-OCTests */,
				5CE44B39254CEF110061B1A2 /* WindowApp-OCUITests */,
			);
		};
/* End PBXProject section */

/* Begin PBXResourcesBuildPhase section */
		5CE44B17254CEF110061B1A2 /* Resources */ = {
			isa = PBXResourcesBuildPhase;
			buildActionMask = 2147483647;
			files = (
				5CE44B23254CEF110061B1A2 /* Assets.xcassets in Resources */,
				5CE44B26254CEF110061B1A2 /* Main.storyboard in Resources */,
			);
			runOnlyForDeploymentPostprocessing = 0;
		};
		5CE44B2D254CEF110061B1A2 /* Resources */ = {
			isa = PBXResourcesBuildPhase;
			buildActionMask = 2147483647;
			files = (
			);
			runOnlyForDeploymentPostprocessing = 0;
		};
		5CE44B38254CEF110061B1A2 /* Resources */ = {
			isa = PBXResourcesBuildPhase;
			buildActionMask = 2147483647;
			files = (
			);
			runOnlyForDeploymentPostprocessing = 0;
		};
/* End PBXResourcesBuildPhase section */

/* Begin PBXSourcesBuildPhase section */
		5CE44B15254CEF110061B1A2 /* Sources */ = {
			isa = PBXSourcesBuildPhase;
			buildActionMask = 2147483647;
			files = (
				5CE44B21254CEF110061B1A2 /* ViewController.m in Sources */,
				5CE44B29254CEF110061B1A2 /* main.m in Sources */,
				5CE44B1E254CEF110061B1A2 /* AppDelegate.m in Sources */,
			);
			runOnlyForDeploymentPostprocessing = 0;
		};
		5CE44B2B254CEF110061B1A2 /* Sources */ = {
			isa = PBXSourcesBuildPhase;
			buildActionMask = 2147483647;
			files = (
				5CE44B34254CEF110061B1A2 /* WindowApp_OCTests.m in Sources */,
			);
			runOnlyForDeploymentPostprocessing = 0;
		};
		5CE44B36254CEF110061B1A2 /* Sources */ = {
			isa = PBXSourcesBuildPhase;
			buildActionMask = 2147483647;
			files = (
				5CE44B3F254CEF110061B1A2 /* WindowApp_OCUITests.m in Sources */,
			);
			runOnlyForDeploymentPostprocessing = 0;
		};
/* End PBXSourcesBuildPhase section */

/* Begin PBXTargetDependency section */
		5CE44B31254CEF110061B1A2 /* PBXTargetDependency */ = {
			isa = PBXTargetDependency;
			target = 5CE44B18254CEF110061B1A2 /* WindowApp-OC */;
			targetProxy = 5CE44B30254CEF110061B1A2 /* PBXContainerItemProxy */;
		};
		5CE44B3C254CEF110061B1A2 /* PBXTargetDependency */ = {
			isa = PBXTargetDependency;
			target = 5CE44B18254CEF110061B1A2 /* WindowApp-OC */;
			targetProxy = 5CE44B3B254CEF110061B1A2 /* PBXContainerItemProxy */;
		};
/* End PBXTargetDependency section */

/* Begin PBXVariantGroup section */
		5CE44B24254CEF110061B1A2 /* Main.storyboard */ = {
			isa = PBXVariantGroup;
			children = (
				5CE44B25254CEF110061B1A2 /* Base */,
			);
			name = Main.storyboard;
			sourceTree = "<group>";
		};
/* End PBXVariantGroup section */

/* Begin XCBuildConfiguration section */
		5CE44B41254CEF110061B1A2 /* Debug */ = {
			isa = XCBuildConfiguration;
			buildSettings = {
				ALWAYS_SEARCH_USER_PATHS = NO;
				CLANG_ANALYZER_NONNULL = YES;
				CLANG_ANALYZER_NUMBER_OBJECT_CONVERSION = YES_AGGRESSIVE;
				CLANG_CXX_LANGUAGE_STANDARD = "gnu++14";
				CLANG_CXX_LIBRARY = "libc++";
				CLANG_ENABLE_MODULES = YES;
				CLANG_ENABLE_OBJC_ARC = YES;
				CLANG_ENABLE_OBJC_WEAK = YES;
				CLANG_WARN_BLOCK_CAPTURE_AUTORELEASING = YES;
				CLANG_WARN_BOOL_CONVERSION = YES;
				CLANG_WARN_COMMA = YES;
				CLANG_WARN_CONSTANT_CONVERSION = YES;
				CLANG_WARN_DEPRECATED_OBJC_IMPLEMENTATIONS = YES;
				CLANG_WARN_DIRECT_OBJC_ISA_USAGE = YES_ERROR;
				CLANG_WARN_DOCUMENTATION_COMMENTS = YES;
				CLANG_WARN_EMPTY_BODY = YES;
				CLANG_WARN_ENUM_CONVERSION = YES;
				CLANG_WARN_INFINITE_RECURSION = YES;
				CLANG_WARN_INT_CONVERSION = YES;
				CLANG_WARN_NON_LITERAL_NULL_CONVERSION = YES;
				CLANG_WARN_OBJC_IMPLICIT_RETAIN_SELF = YES;
				CLANG_WARN_OBJC_LITERAL_CONVERSION = YES;
				CLANG_WARN_OBJC_ROOT_CLASS = YES_ERROR;
				CLANG_WARN_QUOTED_INCLUDE_IN_FRAMEWORK_HEADER = YES;
				CLANG_WARN_RANGE_LOOP_ANALYSIS = YES;
				CLANG_WARN_STRICT_PROTOTYPES = YES;
				CLANG_WARN_SUSPICIOUS_MOVE = YES;
				CLANG_WARN_UNGUARDED_AVAILABILITY = YES_AGGRESSIVE;
				CLANG_WARN_UNREACHABLE_CODE = YES;
				CLANG_WARN__DUPLICATE_METHOD_MATCH = YES;
				COPY_PHASE_STRIP = NO;
				DEBUG_INFORMATION_FORMAT = dwarf;
				ENABLE_STRICT_OBJC_MSGSEND = YES;
				ENABLE_TESTABILITY = YES;
				GCC_C_LANGUAGE_STANDARD = gnu11;
				GCC_DYNAMIC_NO_PIC = NO;
				GCC_NO_COMMON_BLOCKS = YES;
				GCC_OPTIMIZATION_LEVEL = 0;
				GCC_PREPROCESSOR_DEFINITIONS = (
					"DEBUG=1",
					"$(inherited)",
				);
				GCC_WARN_64_TO_32_BIT_CONVERSION = YES;
				GCC_WARN_ABOUT_RETURN_TYPE = YES_ERROR;
				GCC_WARN_UNDECLARED_SELECTOR = YES;
				GCC_WARN_UNINITIALIZED_AUTOS = YES_AGGRESSIVE;
				GCC_WARN_UNUSED_FUNCTION = YES;
				GCC_WARN_UNUSED_VARIABLE = YES;
				MACOSX_DEPLOYMENT_TARGET = 10.15;
				MTL_ENABLE_DEBUG_INFO = INCLUDE_SOURCE;
				MTL_FAST_MATH = YES;
				ONLY_ACTIVE_ARCH = YES;
				SDKROOT = macosx;
			};
			name = Debug;
		};
		5CE44B42254CEF110061B1A2 /* Release */ = {
			isa = XCBuildConfiguration;
			buildSettings = {
				ALWAYS_SEARCH_USER_PATHS = NO;
				CLANG_ANALYZER_NONNULL = YES;
				CLANG_ANALYZER_NUMBER_OBJECT_CONVERSION = YES_AGGRESSIVE;
				CLANG_CXX_LANGUAGE_STANDARD = "gnu++14";
				CLANG_CXX_LIBRARY = "libc++";
				CLANG_ENABLE_MODULES = YES;
				CLANG_ENABLE_OBJC_ARC = YES;
				CLANG_ENABLE_OBJC_WEAK = YES;
				CLANG_WARN_BLOCK_CAPTURE_AUTORELEASING = YES;
				CLANG_WARN_BOOL_CONVERSION = YES;
				CLANG_WARN_COMMA = YES;
				CLANG_WARN_CONSTANT_CONVERSION = YES;
				CLANG_WARN_DEPRECATED_OBJC_IMPLEMENTATIONS = YES;
				CLANG_WARN_DIRECT_OBJC_ISA_USAGE = YES_ERROR;
				CLANG_WARN_DOCUMENTATION_COMMENTS = YES;
				CLANG_WARN_EMPTY_BODY = YES;
				CLANG_WARN_ENUM_CONVERSION = YES;
				CLANG_WARN_INFINITE_RECURSION = YES;
				CLANG_WARN_INT_CONVERSION = YES;
				CLANG_WARN_NON_LITERAL_NULL_CONVERSION = YES;
				CLANG_WARN_OBJC_IMPLICIT_RETAIN_SELF = YES;
				CLANG_WARN_OBJC_LITERAL_CONVERSION = YES;
				CLANG_WARN_OBJC_ROOT_CLASS = YES_ERROR;
				CLANG_WARN_QUOTED_INCLUDE_IN_FRAMEWORK_HEADER = YES;
				CLANG_WARN_RANGE_LOOP_ANALYSIS = YES;
				CLANG_WARN_STRICT_PROTOTYPES = YES;
				CLANG_WARN_SUSPICIOUS_MOVE = YES;
				CLANG_WARN_UNGUARDED_AVAILABILITY = YES_AGGRESSIVE;
				CLANG_WARN_UNREACHABLE_CODE = YES;
				CLANG_WARN__DUPLICATE_METHOD_MATCH = YES;
				COPY_PHASE_STRIP = NO;
				DEBUG_INFORMATION_FORMAT = "dwarf-with-dsym";
				ENABLE_NS_ASSERTIONS = NO;
				ENABLE_STRICT_OBJC_MSGSEND = YES;
				GCC_C_LANGUAGE_STANDARD = gnu11;
				GCC_NO_COMMON_BLOCKS = YES;
				GCC_WARN_64_TO_32_BIT_CONVERSION = YES;
				GCC_WARN_ABOUT_RETURN_TYPE = YES_ERROR;
				GCC_WARN_UNDECLARED_SELECTOR = YES;
				GCC_WARN_UNINITIALIZED_AUTOS = YES_AGGRESSIVE;
				GCC_WARN_UNUSED_FUNCTION = YES;
				GCC_WARN_UNUSED_VARIABLE = YES;
				MACOSX_DEPLOYMENT_TARGET = 10.15;
				MTL_ENABLE_DEBUG_INFO = NO;
				MTL_FAST_MATH = YES;
				SDKROOT = macosx;
			};
			name = Release;
		};
		5CE44B44254CEF110061B1A2 /* Debug */ = {
			isa = XCBuildConfiguration;
			buildSettings = {
				ASSETCATALOG_COMPILER_APPICON_NAME = AppIcon;
				ASSETCATALOG_COMPILER_GLOBAL_ACCENT_COLOR_NAME = AccentColor;
				CODE_SIGN_ENTITLEMENTS = "WindowApp-OC/WindowApp_OC.entitlements";
				CODE_SIGN_STYLE = Automatic;
				COMBINE_HIDPI_IMAGES = YES;
				INFOPLIST_FILE = "WindowApp-OC/Info.plist";
				LD_RUNPATH_SEARCH_PATHS = (
					"$(inherited)",
					"@executable_path/../Frameworks",
				);
				PRODUCT_BUNDLE_IDENTIFIER = "com.worklt.WindowApp-OC";
				PRODUCT_NAME = "$(TARGET_NAME)";
			};
			name = Debug;
		};
		5CE44B45254CEF110061B1A2 /* Release */ = {
			isa = XCBuildConfiguration;
			buildSettings = {
				ASSETCATALOG_COMPILER_APPICON_NAME = AppIcon;
				ASSETCATALOG_COMPILER_GLOBAL_ACCENT_COLOR_NAME = AccentColor;
				CODE_SIGN_ENTITLEMENTS = "WindowApp-OC/WindowApp_OC.entitlements";
				CODE_SIGN_STYLE = Automatic;
				COMBINE_HIDPI_IMAGES = YES;
				INFOPLIST_FILE = "WindowApp-OC/Info.plist";
				LD_RUNPATH_SEARCH_PATHS = (
					"$(inherited)",
					"@executable_path/../Frameworks",
				);
				PRODUCT_BUNDLE_IDENTIFIER = "com.worklt.WindowApp-OC";
				PRODUCT_NAME = "$(TARGET_NAME)";
			};
			name = Release;
		};
		5CE44B47254CEF110061B1A2 /* Debug */ = {
			isa = XCBuildConfiguration;
			buildSettings = {
				BUNDLE_LOADER = "$(TEST_HOST)";
				CODE_SIGN_STYLE = Automatic;
				COMBINE_HIDPI_IMAGES = YES;
				INFOPLIST_FILE = "WindowApp-OCTests/Info.plist";
				LD_RUNPATH_SEARCH_PATHS = (
					"$(inherited)",
					"@executable_path/../Frameworks",
					"@loader_path/../Frameworks",
				);
				MACOSX_DEPLOYMENT_TARGET = 10.15;
				PRODUCT_BUNDLE_IDENTIFIER = "com.worklt.WindowApp-OCTests";
				PRODUCT_NAME = "$(TARGET_NAME)";
				TEST_HOST = "$(BUILT_PRODUCTS_DIR)/WindowApp-OC.app/Contents/MacOS/WindowApp-OC";
			};
			name = Debug;
		};
		5CE44B48254CEF110061B1A2 /* Release */ = {
			isa = XCBuildConfiguration;
			buildSettings = {
				BUNDLE_LOADER = "$(TEST_HOST)";
				CODE_SIGN_STYLE = Automatic;
				COMBINE_HIDPI_IMAGES = YES;
				INFOPLIST_FILE = "WindowApp-OCTests/Info.plist";
				LD_RUNPATH_SEARCH_PATHS = (
					"$(inherited)",
					"@executable_path/../Frameworks",
					"@loader_path/../Frameworks",
				);
				MACOSX_DEPLOYMENT_TARGET = 10.15;
				PRODUCT_BUNDLE_IDENTIFIER = "com.worklt.WindowApp-OCTests";
				PRODUCT_NAME = "$(TARGET_NAME)";
				TEST_HOST = "$(BUILT_PRODUCTS_DIR)/WindowApp-OC.app/Contents/MacOS/WindowApp-OC";
			};
			name = Release;
		};
		5CE44B4A254CEF110061B1A2 /* Debug */ = {
			isa = XCBuildConfiguration;
			buildSettings = {
				CODE_SIGN_STYLE = Automatic;
				COMBINE_HIDPI_IMAGES = YES;
				INFOPLIST_FILE = "WindowApp-OCUITests/Info.plist";
				LD_RUNPATH_SEARCH_PATHS = (
					"$(inherited)",
					"@executable_path/../Frameworks",
					"@loader_path/../Frameworks",
				);
				PRODUCT_BUNDLE_IDENTIFIER = "com.worklt.WindowApp-OCUITests";
				PRODUCT_NAME = "$(TARGET_NAME)";
				TEST_TARGET_NAME = "WindowApp-OC";
			};
			name = Debug;
		};
		5CE44B4B254CEF110061B1A2 /* Release */ = {
			isa = XCBuildConfiguration;
			buildSettings = {
				CODE_SIGN_STYLE = Automatic;
				COMBINE_HIDPI_IMAGES = YES;
				INFOPLIST_FILE = "WindowApp-OCUITests/Info.plist";
				LD_RUNPATH_SEARCH_PATHS = (
					"$(inherited)",
					"@executable_path/../Frameworks",
					"@loader_path/../Frameworks",
				);
				PRODUCT_BUNDLE_IDENTIFIER = "com.worklt.WindowApp-OCUITests";
				PRODUCT_NAME = "$(TARGET_NAME)";
				TEST_TARGET_NAME = "WindowApp-OC";
			};
			name = Release;
		};
/* End XCBuildConfiguration section */

/* Begin XCConfigurationList section */
		5CE44B14254CEF110061B1A2 /* Build configuration list for PBXProject "WindowApp-OC" */ = {
			isa = XCConfigurationList;
			buildConfigurations = (
				5CE44B41254CEF110061B1A2 /* Debug */,
				5CE44B42254CEF110061B1A2 /* Release */,
			);
			defaultConfigurationIsVisible = 0;
			defaultConfigurationName = Release;
		};
		5CE44B43254CEF110061B1A2 /* Build configuration list for PBXNativeTarget "WindowApp-OC" */ = {
			isa = XCConfigurationList;
			buildConfigurations = (
				5CE44B44254CEF110061B1A2 /* Debug */,
				5CE44B45254CEF110061B1A2 /* Release */,
			);
			defaultConfigurationIsVisible = 0;
			defaultConfigurationName = Release;
		};
		5CE44B46254CEF110061B1A2 /* Build configuration list for PBXNativeTarget "WindowApp-OCTests" */ = {
			isa = XCConfigurationList;
			buildConfigurations = (
				5CE44B47254CEF110061B1A2 /* Debug */,
				5CE44B48254CEF110061B1A2 /* Release */,
			);
			defaultConfigurationIsVisible = 0;
			defaultConfigurationName = Release;
		};
		5CE44B49254CEF110061B1A2 /* Build configuration list for PBXNativeTarget "WindowApp-OCUITests" */ = {
			isa = XCConfigurationList;
			buildConfigurations = (
				5CE44B4A254CEF110061B1A2 /* Debug */,
				5CE44B4B254CEF110061B1A2 /* Release */,
			);
			defaultConfigurationIsVisible = 0;
			defaultConfigurationName = Release;
		};
/* End XCConfigurationList section */
	};
	rootObject = 5CE44B11254CEF110061B1A2 /* Project object */;
}
